<?xml version="1.0" encoding="utf-8"?>
<Project ToolsVersion="4.0" xmlns="http://schemas.microsoft.com/developer/msbuild/2003">
  <ItemGroup>
    <Filter Include="Source Files">
      <UniqueIdentifier>{4FC737F1-C7A5-4376-A066-2A32D752A2FF}</UniqueIdentifier>
      <Extensions>cpp;c;cc;cxx;def;odl;idl;hpj;bat;asm;asmx</Extensions>
    </Filter>
    <Filter Include="Header Files">
      <UniqueIdentifier>{93995380-89BD-4b04-88EB-625FBE52EBFB}</UniqueIdentifier>
      <Extensions>h;hh;hpp;hxx;hm;inl;inc;xsd</Extensions>
    </Filter>
    <Filter Include="Resource Files">
      <UniqueIdentifier>{67DA6AB6-F800-4c08-8B7A-83BB121AAD01}</UniqueIdentifier>
      <Extensions>rc;ico;cur;bmp;dlg;rc2;rct;bin;rgs;gif;jpg;jpeg;jpe;resx;tiff;tif;png;wav;mfcribbon-ms</Extensions>
    </Filter>
    <Filter Include="Source Files\Tests">
      <UniqueIdentifier>{9ba99d4c-8eda-442d-b383-baba6f478502}</UniqueIdentifier>
    </Filter>
    <Filter Include="Header Files\tests_headers">
      <UniqueIdentifier>{7529d2f4-0c15-40f6-84a1-6a2b938e6046}</UniqueIdentifier>
    </Filter>
  </ItemGroup>
  <ItemGroup>
    <ClInclude Include="Board.h">
      <Filter>Header Files</Filter>
    </ClInclude>
    <ClInclude Include="Camera.h">
      <Filter>Header Files</Filter>
    </ClInclude>
    <ClInclude Include="Character.h">
      <Filter>Header Files</Filter>
    </ClInclude>
    <ClInclude Include="globalHeader.h">
      <Filter>Header Files</Filter>
    </ClInclude>
    <ClInclude Include="BoardMatrixCalculations.h">
      <Filter>Header Files</Filter>
    </ClInclude>
    <ClInclude Include="TestBoardMatrixCalculations.h">
      <Filter>Header Files\tests_headers</Filter>
    </ClInclude>
    <ClInclude Include="mdlviewer.h">
      <Filter>Header Files</Filter>
    </ClInclude>
    <ClInclude Include="studio.h">
      <Filter>Header Files</Filter>
    </ClInclude>
    <ClInclude Include="jconfig.h">
      <Filter>Header Files</Filter>
    </ClInclude>
    <ClInclude Include="jmorecfg.h">
      <Filter>Header Files</Filter>
    </ClInclude>
    <ClInclude Include="jpeglib.h">
      <Filter>Header Files</Filter>
    </ClInclude>
    <ClInclude Include="mathlib.h">
      <Filter>Header Files</Filter>
    </ClInclude>
    <ClInclude Include="image_loader.h">
      <Filter>Header Files</Filter>
    </ClInclude>
    <ClInclude Include="Monster.h">
      <Filter>Header Files</Filter>
    </ClInclude>
  </ItemGroup>
  <ItemGroup>
    <ClCompile Include="Board.cpp">
      <Filter>Source Files</Filter>
    </ClCompile>
    <ClCompile Include="main.cpp">
      <Filter>Source Files</Filter>
    </ClCompile>
    <ClCompile Include="Camera.cpp">
      <Filter>Source Files</Filter>
    </ClCompile>
    <ClCompile Include="Character.cpp">
      <Filter>Source Files</Filter>
    </ClCompile>
    <ClCompile Include="BoardMatrixCalculations.cpp">
      <Filter>Source Files</Filter>
    </ClCompile>
    <ClCompile Include="TestBoardMatrixCalculations.cpp">
      <Filter>Source Files\Tests</Filter>
    </ClCompile>
    <ClCompile Include="A-star_Algorithm.cpp">
      <Filter>Source Files</Filter>
    </ClCompile>
    <ClCompile Include="math.cpp">
      <Filter>Source Files</Filter>
    </ClCompile>
    <ClCompile Include="mdlviewer.cpp">
      <Filter>Source Files</Filter>
    </ClCompile>
    <ClCompile Include="readjpeg.c">
      <Filter>Source Files</Filter>
    </ClCompile>
    <ClCompile Include="studio_render.cpp">
      <Filter>Source Files</Filter>
    </ClCompile>
    <ClCompile Include="studio_utils.cpp">
      <Filter>Source Files</Filter>
    </ClCompile>
    <ClCompile Include="image_loader.cpp">
      <Filter>Source Files</Filter>
    </ClCompile>
    <ClCompile Include="StudioModel.h">
      <Filter>Header Files</Filter>
    </ClCompile>
    <ClCompile Include="Monster.cpp">
      <Filter>Source Files</Filter>
    </ClCompile>
  </ItemGroup>
</Project>